// !$*UTF8*$!
{
	archiveVersion = 1;
	classes = {
	};
	objectVersion = 46;
	objects = {

/* Begin PBXBuildFile section */
		1D3623260D0F684500981E51 /* textbookAppDelegate.m in Sources */ = {isa = PBXBuildFile; fileRef = 1D3623250D0F684500981E51 /* textbookAppDelegate.m */; };
		1D60589B0D05DD56006BFB54 /* main.m in Sources */ = {isa = PBXBuildFile; fileRef = 29B97316FDCFA39411CA2CEA /* main.m */; };
		1D60589F0D05DD5A006BFB54 /* Foundation.framework in Frameworks */ = {isa = PBXBuildFile; fileRef = 1D30AB110D05D00D00671497 /* Foundation.framework */; };
		1DF5F4E00D08C38300B7A737 /* UIKit.framework in Frameworks */ = {isa = PBXBuildFile; fileRef = 1DF5F4DF0D08C38300B7A737 /* UIKit.framework */; };
		218B714F14D3329700CCE2F7 /* page001.png in Resources */ = {isa = PBXBuildFile; fileRef = 218B70D714D3329700CCE2F7 /* page001.png */; };
		218B715014D3329700CCE2F7 /* page002.png in Resources */ = {isa = PBXBuildFile; fileRef = 218B70D814D3329700CCE2F7 /* page002.png */; };
		218B715114D3329700CCE2F7 /* page003.png in Resources */ = {isa = PBXBuildFile; fileRef = 218B70D914D3329700CCE2F7 /* page003.png */; };
		218B715214D3329700CCE2F7 /* tile001-000.png in Resources */ = {isa = PBXBuildFile; fileRef = 218B70DA14D3329700CCE2F7 /* tile001-000.png */; };
		218B715314D3329700CCE2F7 /* tile001-001.png in Resources */ = {isa = PBXBuildFile; fileRef = 218B70DB14D3329700CCE2F7 /* tile001-001.png */; };
		218B715414D3329700CCE2F7 /* tile001-002.png in Resources */ = {isa = PBXBuildFile; fileRef = 218B70DC14D3329700CCE2F7 /* tile001-002.png */; };
		218B715514D3329700CCE2F7 /* tile001-003.png in Resources */ = {isa = PBXBuildFile; fileRef = 218B70DD14D3329700CCE2F7 /* tile001-003.png */; };
		218B715614D3329700CCE2F7 /* tile001-004.png in Resources */ = {isa = PBXBuildFile; fileRef = 218B70DE14D3329700CCE2F7 /* tile001-004.png */; };
		218B715714D3329700CCE2F7 /* tile001-005.png in Resources */ = {isa = PBXBuildFile; fileRef = 218B70DF14D3329700CCE2F7 /* tile001-005.png */; };
		218B715814D3329700CCE2F7 /* tile001-006.png in Resources */ = {isa = PBXBuildFile; fileRef = 218B70E014D3329700CCE2F7 /* tile001-006.png */; };
		218B715914D3329700CCE2F7 /* tile001-007.png in Resources */ = {isa = PBXBuildFile; fileRef = 218B70E114D3329700CCE2F7 /* tile001-007.png */; };
		218B715A14D3329700CCE2F7 /* tile001-008.png in Resources */ = {isa = PBXBuildFile; fileRef = 218B70E214D3329700CCE2F7 /* tile001-008.png */; };
		218B715B14D3329700CCE2F7 /* tile001-009.png in Resources */ = {isa = PBXBuildFile; fileRef = 218B70E314D3329700CCE2F7 /* tile001-009.png */; };
		218B715C14D3329700CCE2F7 /* tile001-010.png in Resources */ = {isa = PBXBuildFile; fileRef = 218B70E414D3329700CCE2F7 /* tile001-010.png */; };
		218B715D14D3329700CCE2F7 /* tile001-011.png in Resources */ = {isa = PBXBuildFile; fileRef = 218B70E514D3329700CCE2F7 /* tile001-011.png */; };
		218B715E14D3329700CCE2F7 /* tile001-012.png in Resources */ = {isa = PBXBuildFile; fileRef = 218B70E614D3329700CCE2F7 /* tile001-012.png */; };
		218B715F14D3329700CCE2F7 /* tile001-013.png in Resources */ = {isa = PBXBuildFile; fileRef = 218B70E714D3329700CCE2F7 /* tile001-013.png */; };
		218B716014D3329700CCE2F7 /* tile001-014.png in Resources */ = {isa = PBXBuildFile; fileRef = 218B70E814D3329700CCE2F7 /* tile001-014.png */; };
		218B716114D3329700CCE2F7 /* tile001-015.png in Resources */ = {isa = PBXBuildFile; fileRef = 218B70E914D3329700CCE2F7 /* tile001-015.png */; };
		218B716214D3329700CCE2F7 /* tile001-016.png in Resources */ = {isa = PBXBuildFile; fileRef = 218B70EA14D3329700CCE2F7 /* tile001-016.png */; };
		218B716314D3329700CCE2F7 /* tile001-017.png in Resources */ = {isa = PBXBuildFile; fileRef = 218B70EB14D3329700CCE2F7 /* tile001-017.png */; };
		218B716414D3329700CCE2F7 /* tile001-018.png in Resources */ = {isa = PBXBuildFile; fileRef = 218B70EC14D3329700CCE2F7 /* tile001-018.png */; };
		218B716514D3329700CCE2F7 /* tile001-019.png in Resources */ = {isa = PBXBuildFile; fileRef = 218B70ED14D3329700CCE2F7 /* tile001-019.png */; };
		218B716614D3329700CCE2F7 /* tile001-020.png in Resources */ = {isa = PBXBuildFile; fileRef = 218B70EE14D3329700CCE2F7 /* tile001-020.png */; };
		218B716714D3329700CCE2F7 /* tile001-021.png in Resources */ = {isa = PBXBuildFile; fileRef = 218B70EF14D3329700CCE2F7 /* tile001-021.png */; };
		218B716814D3329700CCE2F7 /* tile001-022.png in Resources */ = {isa = PBXBuildFile; fileRef = 218B70F014D3329700CCE2F7 /* tile001-022.png */; };
		218B716914D3329700CCE2F7 /* tile001-023.png in Resources */ = {isa = PBXBuildFile; fileRef = 218B70F114D3329700CCE2F7 /* tile001-023.png */; };
		218B716A14D3329700CCE2F7 /* tile001-024.png in Resources */ = {isa = PBXBuildFile; fileRef = 218B70F214D3329700CCE2F7 /* tile001-024.png */; };
		218B716B14D3329700CCE2F7 /* tile001-025.png in Resources */ = {isa = PBXBuildFile; fileRef = 218B70F314D3329700CCE2F7 /* tile001-025.png */; };
		218B716C14D3329700CCE2F7 /* tile001-026.png in Resources */ = {isa = PBXBuildFile; fileRef = 218B70F414D3329700CCE2F7 /* tile001-026.png */; };
		218B716D14D3329700CCE2F7 /* tile001-027.png in Resources */ = {isa = PBXBuildFile; fileRef = 218B70F514D3329700CCE2F7 /* tile001-027.png */; };
		218B716E14D3329700CCE2F7 /* tile001-028.png in Resources */ = {isa = PBXBuildFile; fileRef = 218B70F614D3329700CCE2F7 /* tile001-028.png */; };
		218B716F14D3329700CCE2F7 /* tile001-029.png in Resources */ = {isa = PBXBuildFile; fileRef = 218B70F714D3329700CCE2F7 /* tile001-029.png */; };
		218B717014D3329700CCE2F7 /* tile001-030.png in Resources */ = {isa = PBXBuildFile; fileRef = 218B70F814D3329700CCE2F7 /* tile001-030.png */; };
		218B717114D3329700CCE2F7 /* tile001-031.png in Resources */ = {isa = PBXBuildFile; fileRef = 218B70F914D3329700CCE2F7 /* tile001-031.png */; };
		218B717214D3329700CCE2F7 /* tile001-032.png in Resources */ = {isa = PBXBuildFile; fileRef = 218B70FA14D3329700CCE2F7 /* tile001-032.png */; };
		218B717314D3329700CCE2F7 /* tile001-033.png in Resources */ = {isa = PBXBuildFile; fileRef = 218B70FB14D3329700CCE2F7 /* tile001-033.png */; };
		218B717414D3329700CCE2F7 /* tile001-034.png in Resources */ = {isa = PBXBuildFile; fileRef = 218B70FC14D3329700CCE2F7 /* tile001-034.png */; };
		218B717514D3329700CCE2F7 /* tile001-035.png in Resources */ = {isa = PBXBuildFile; fileRef = 218B70FD14D3329700CCE2F7 /* tile001-035.png */; };
		218B717614D3329700CCE2F7 /* tile002-000.png in Resources */ = {isa = PBXBuildFile; fileRef = 218B70FE14D3329700CCE2F7 /* tile002-000.png */; };
		218B717714D3329700CCE2F7 /* tile002-001.png in Resources */ = {isa = PBXBuildFile; fileRef = 218B70FF14D3329700CCE2F7 /* tile002-001.png */; };
		218B717814D3329700CCE2F7 /* tile002-002.png in Resources */ = {isa = PBXBuildFile; fileRef = 218B710014D3329700CCE2F7 /* tile002-002.png */; };
		218B717914D3329700CCE2F7 /* tile002-003.png in Resources */ = {isa = PBXBuildFile; fileRef = 218B710114D3329700CCE2F7 /* tile002-003.png */; };
		218B717A14D3329700CCE2F7 /* tile002-004.png in Resources */ = {isa = PBXBuildFile; fileRef = 218B710214D3329700CCE2F7 /* tile002-004.png */; };
		218B717B14D3329700CCE2F7 /* tile002-005.png in Resources */ = {isa = PBXBuildFile; fileRef = 218B710314D3329700CCE2F7 /* tile002-005.png */; };
		218B717C14D3329700CCE2F7 /* tile002-006.png in Resources */ = {isa = PBXBuildFile; fileRef = 218B710414D3329700CCE2F7 /* tile002-006.png */; };
		218B717D14D3329700CCE2F7 /* tile002-007.png in Resources */ = {isa = PBXBuildFile; fileRef = 218B710514D3329700CCE2F7 /* tile002-007.png */; };
		218B717E14D3329700CCE2F7 /* tile002-008.png in Resources */ = {isa = PBXBuildFile; fileRef = 218B710614D3329700CCE2F7 /* tile002-008.png */; };
		218B717F14D3329700CCE2F7 /* tile002-009.png in Resources */ = {isa = PBXBuildFile; fileRef = 218B710714D3329700CCE2F7 /* tile002-009.png */; };
		218B718014D3329700CCE2F7 /* tile002-010.png in Resources */ = {isa = PBXBuildFile; fileRef = 218B710814D3329700CCE2F7 /* tile002-010.png */; };
		218B718114D3329700CCE2F7 /* tile002-011.png in Resources */ = {isa = PBXBuildFile; fileRef = 218B710914D3329700CCE2F7 /* tile002-011.png */; };
		218B718214D3329700CCE2F7 /* tile002-012.png in Resources */ = {isa = PBXBuildFile; fileRef = 218B710A14D3329700CCE2F7 /* tile002-012.png */; };
		218B718314D3329700CCE2F7 /* tile002-013.png in Resources */ = {isa = PBXBuildFile; fileRef = 218B710B14D3329700CCE2F7 /* tile002-013.png */; };
		218B718414D3329700CCE2F7 /* tile002-014.png in Resources */ = {isa = PBXBuildFile; fileRef = 218B710C14D3329700CCE2F7 /* tile002-014.png */; };
		218B718514D3329700CCE2F7 /* tile002-015.png in Resources */ = {isa = PBXBuildFile; fileRef = 218B710D14D3329700CCE2F7 /* tile002-015.png */; };
		218B718614D3329700CCE2F7 /* tile002-016.png in Resources */ = {isa = PBXBuildFile; fileRef = 218B710E14D3329700CCE2F7 /* tile002-016.png */; };
		218B718714D3329700CCE2F7 /* tile002-017.png in Resources */ = {isa = PBXBuildFile; fileRef = 218B710F14D3329700CCE2F7 /* tile002-017.png */; };
		218B718814D3329700CCE2F7 /* tile002-018.png in Resources */ = {isa = PBXBuildFile; fileRef = 218B711014D3329700CCE2F7 /* tile002-018.png */; };
		218B718914D3329700CCE2F7 /* tile002-019.png in Resources */ = {isa = PBXBuildFile; fileRef = 218B711114D3329700CCE2F7 /* tile002-019.png */; };
		218B718A14D3329700CCE2F7 /* tile002-020.png in Resources */ = {isa = PBXBuildFile; fileRef = 218B711214D3329700CCE2F7 /* tile002-020.png */; };
		218B718B14D3329700CCE2F7 /* tile002-021.png in Resources */ = {isa = PBXBuildFile; fileRef = 218B711314D3329700CCE2F7 /* tile002-021.png */; };
		218B718C14D3329700CCE2F7 /* tile002-022.png in Resources */ = {isa = PBXBuildFile; fileRef = 218B711414D3329700CCE2F7 /* tile002-022.png */; };
		218B718D14D3329700CCE2F7 /* tile002-023.png in Resources */ = {isa = PBXBuildFile; fileRef = 218B711514D3329700CCE2F7 /* tile002-023.png */; };
		218B718E14D3329700CCE2F7 /* tile002-024.png in Resources */ = {isa = PBXBuildFile; fileRef = 218B711614D3329700CCE2F7 /* tile002-024.png */; };
		218B718F14D3329700CCE2F7 /* tile002-025.png in Resources */ = {isa = PBXBuildFile; fileRef = 218B711714D3329700CCE2F7 /* tile002-025.png */; };
		218B719014D3329700CCE2F7 /* tile002-026.png in Resources */ = {isa = PBXBuildFile; fileRef = 218B711814D3329700CCE2F7 /* tile002-026.png */; };
		218B719114D3329700CCE2F7 /* tile002-027.png in Resources */ = {isa = PBXBuildFile; fileRef = 218B711914D3329700CCE2F7 /* tile002-027.png */; };
		218B719214D3329700CCE2F7 /* tile002-028.png in Resources */ = {isa = PBXBuildFile; fileRef = 218B711A14D3329700CCE2F7 /* tile002-028.png */; };
		218B719314D3329700CCE2F7 /* tile002-029.png in Resources */ = {isa = PBXBuildFile; fileRef = 218B711B14D3329700CCE2F7 /* tile002-029.png */; };
		218B719414D3329700CCE2F7 /* tile002-030.png in Resources */ = {isa = PBXBuildFile; fileRef = 218B711C14D3329700CCE2F7 /* tile002-030.png */; };
		218B719514D3329700CCE2F7 /* tile002-031.png in Resources */ = {isa = PBXBuildFile; fileRef = 218B711D14D3329700CCE2F7 /* tile002-031.png */; };
		218B719614D3329700CCE2F7 /* tile002-032.png in Resources */ = {isa = PBXBuildFile; fileRef = 218B711E14D3329700CCE2F7 /* tile002-032.png */; };
		218B719714D3329700CCE2F7 /* tile002-033.png in Resources */ = {isa = PBXBuildFile; fileRef = 218B711F14D3329700CCE2F7 /* tile002-033.png */; };
		218B719814D3329700CCE2F7 /* tile002-034.png in Resources */ = {isa = PBXBuildFile; fileRef = 218B712014D3329700CCE2F7 /* tile002-034.png */; };
		218B719914D3329700CCE2F7 /* tile002-035.png in Resources */ = {isa = PBXBuildFile; fileRef = 218B712114D3329700CCE2F7 /* tile002-035.png */; };
		218B719A14D3329700CCE2F7 /* tile002-036.png in Resources */ = {isa = PBXBuildFile; fileRef = 218B712214D3329700CCE2F7 /* tile002-036.png */; };
		218B719B14D3329700CCE2F7 /* tile002-037.png in Resources */ = {isa = PBXBuildFile; fileRef = 218B712314D3329700CCE2F7 /* tile002-037.png */; };
		218B719C14D3329700CCE2F7 /* tile002-038.png in Resources */ = {isa = PBXBuildFile; fileRef = 218B712414D3329700CCE2F7 /* tile002-038.png */; };
		218B719D14D3329700CCE2F7 /* tile002-039.png in Resources */ = {isa = PBXBuildFile; fileRef = 218B712514D3329700CCE2F7 /* tile002-039.png */; };
		218B719E14D3329700CCE2F7 /* tile002-040.png in Resources */ = {isa = PBXBuildFile; fileRef = 218B712614D3329700CCE2F7 /* tile002-040.png */; };
		218B719F14D3329700CCE2F7 /* tile002-041.png in Resources */ = {isa = PBXBuildFile; fileRef = 218B712714D3329700CCE2F7 /* tile002-041.png */; };
		218B71A014D3329700CCE2F7 /* tile003-000.png in Resources */ = {isa = PBXBuildFile; fileRef = 218B712814D3329700CCE2F7 /* tile003-000.png */; };
		218B71A114D3329700CCE2F7 /* tile003-001.png in Resources */ = {isa = PBXBuildFile; fileRef = 218B712914D3329700CCE2F7 /* tile003-001.png */; };
		218B71A214D3329700CCE2F7 /* tile003-002.png in Resources */ = {isa = PBXBuildFile; fileRef = 218B712A14D3329700CCE2F7 /* tile003-002.png */; };
		218B71A314D3329700CCE2F7 /* tile003-003.png in Resources */ = {isa = PBXBuildFile; fileRef = 218B712B14D3329700CCE2F7 /* tile003-003.png */; };
		218B71A414D3329700CCE2F7 /* tile003-004.png in Resources */ = {isa = PBXBuildFile; fileRef = 218B712C14D3329700CCE2F7 /* tile003-004.png */; };
		218B71A514D3329700CCE2F7 /* tile003-005.png in Resources */ = {isa = PBXBuildFile; fileRef = 218B712D14D3329700CCE2F7 /* tile003-005.png */; };
		218B71A614D3329700CCE2F7 /* tile003-006.png in Resources */ = {isa = PBXBuildFile; fileRef = 218B712E14D3329700CCE2F7 /* tile003-006.png */; };
		218B71A714D3329700CCE2F7 /* tile003-007.png in Resources */ = {isa = PBXBuildFile; fileRef = 218B712F14D3329700CCE2F7 /* tile003-007.png */; };
		218B71A814D3329700CCE2F7 /* tile003-008.png in Resources */ = {isa = PBXBuildFile; fileRef = 218B713014D3329700CCE2F7 /* tile003-008.png */; };
		218B71A914D3329700CCE2F7 /* tile003-009.png in Resources */ = {isa = PBXBuildFile; fileRef = 218B713114D3329700CCE2F7 /* tile003-009.png */; };
		218B71AA14D3329700CCE2F7 /* tile003-010.png in Resources */ = {isa = PBXBuildFile; fileRef = 218B713214D3329700CCE2F7 /* tile003-010.png */; };
		218B71AB14D3329700CCE2F7 /* tile003-011.png in Resources */ = {isa = PBXBuildFile; fileRef = 218B713314D3329700CCE2F7 /* tile003-011.png */; };
		218B71AC14D3329700CCE2F7 /* tile003-012.png in Resources */ = {isa = PBXBuildFile; fileRef = 218B713414D3329700CCE2F7 /* tile003-012.png */; };
		218B71AD14D3329700CCE2F7 /* tile003-013.png in Resources */ = {isa = PBXBuildFile; fileRef = 218B713514D3329700CCE2F7 /* tile003-013.png */; };
		218B71AE14D3329700CCE2F7 /* tile003-014.png in Resources */ = {isa = PBXBuildFile; fileRef = 218B713614D3329700CCE2F7 /* tile003-014.png */; };
		218B71AF14D3329700CCE2F7 /* tile003-015.png in Resources */ = {isa = PBXBuildFile; fileRef = 218B713714D3329700CCE2F7 /* tile003-015.png */; };
		218B71B014D3329700CCE2F7 /* tile003-016.png in Resources */ = {isa = PBXBuildFile; fileRef = 218B713814D3329700CCE2F7 /* tile003-016.png */; };
		218B71B114D3329700CCE2F7 /* tile003-017.png in Resources */ = {isa = PBXBuildFile; fileRef = 218B713914D3329700CCE2F7 /* tile003-017.png */; };
		218B71B214D3329700CCE2F7 /* tile003-018.png in Resources */ = {isa = PBXBuildFile; fileRef = 218B713A14D3329700CCE2F7 /* tile003-018.png */; };
		218B71B314D3329700CCE2F7 /* tile003-019.png in Resources */ = {isa = PBXBuildFile; fileRef = 218B713B14D3329700CCE2F7 /* tile003-019.png */; };
		218B71B414D3329700CCE2F7 /* tile003-020.png in Resources */ = {isa = PBXBuildFile; fileRef = 218B713C14D3329700CCE2F7 /* tile003-020.png */; };
		218B71B514D3329700CCE2F7 /* tile003-021.png in Resources */ = {isa = PBXBuildFile; fileRef = 218B713D14D3329700CCE2F7 /* tile003-021.png */; };
		218B71B614D3329700CCE2F7 /* tile003-022.png in Resources */ = {isa = PBXBuildFile; fileRef = 218B713E14D3329700CCE2F7 /* tile003-022.png */; };
		218B71B714D3329700CCE2F7 /* tile003-023.png in Resources */ = {isa = PBXBuildFile; fileRef = 218B713F14D3329700CCE2F7 /* tile003-023.png */; };
		218B71B814D3329700CCE2F7 /* tile003-024.png in Resources */ = {isa = PBXBuildFile; fileRef = 218B714014D3329700CCE2F7 /* tile003-024.png */; };
		218B71B914D3329700CCE2F7 /* tile003-025.png in Resources */ = {isa = PBXBuildFile; fileRef = 218B714114D3329700CCE2F7 /* tile003-025.png */; };
		218B71BA14D3329700CCE2F7 /* tile003-026.png in Resources */ = {isa = PBXBuildFile; fileRef = 218B714214D3329700CCE2F7 /* tile003-026.png */; };
		218B71BB14D3329700CCE2F7 /* tile003-027.png in Resources */ = {isa = PBXBuildFile; fileRef = 218B714314D3329700CCE2F7 /* tile003-027.png */; };
		218B71BC14D3329700CCE2F7 /* tile003-028.png in Resources */ = {isa = PBXBuildFile; fileRef = 218B714414D3329700CCE2F7 /* tile003-028.png */; };
		218B71BD14D3329700CCE2F7 /* tile003-029.png in Resources */ = {isa = PBXBuildFile; fileRef = 218B714514D3329700CCE2F7 /* tile003-029.png */; };
		218B71CC14D334A400CCE2F7 /* JFSectionView.m in Sources */ = {isa = PBXBuildFile; fileRef = 218B71CB14D334A400CCE2F7 /* JFSectionView.m */; };
		218B71D014D33A4200CCE2F7 /* JFSectionViewController.m in Sources */ = {isa = PBXBuildFile; fileRef = 218B71CE14D33A4200CCE2F7 /* JFSectionViewController.m */; };
		218B71D414D3449300CCE2F7 /* JFNavigatorViewController.m in Sources */ = {isa = PBXBuildFile; fileRef = 218B71D314D3449300CCE2F7 /* JFNavigatorViewController.m */; };
		218B71D714D7022A00CCE2F7 /* JFPagingViewController.m in Sources */ = {isa = PBXBuildFile; fileRef = 218B71D614D7022A00CCE2F7 /* JFPagingViewController.m */; };
		218B71D914D71D5F00CCE2F7 /* page004.png in Resources */ = {isa = PBXBuildFile; fileRef = 218B71D814D71D5F00CCE2F7 /* page004.png */; };
		218B71E614D71D6C00CCE2F7 /* tile004-000.png in Resources */ = {isa = PBXBuildFile; fileRef = 218B71DA14D71D6B00CCE2F7 /* tile004-000.png */; };
		218B71E714D71D6C00CCE2F7 /* tile004-001.png in Resources */ = {isa = PBXBuildFile; fileRef = 218B71DB14D71D6B00CCE2F7 /* tile004-001.png */; };
		218B71E814D71D6C00CCE2F7 /* tile004-002.png in Resources */ = {isa = PBXBuildFile; fileRef = 218B71DC14D71D6B00CCE2F7 /* tile004-002.png */; };
		218B71E914D71D6C00CCE2F7 /* tile004-003.png in Resources */ = {isa = PBXBuildFile; fileRef = 218B71DD14D71D6B00CCE2F7 /* tile004-003.png */; };
		218B71EA14D71D6C00CCE2F7 /* tile004-004.png in Resources */ = {isa = PBXBuildFile; fileRef = 218B71DE14D71D6B00CCE2F7 /* tile004-004.png */; };
		218B71EB14D71D6C00CCE2F7 /* tile004-005.png in Resources */ = {isa = PBXBuildFile; fileRef = 218B71DF14D71D6B00CCE2F7 /* tile004-005.png */; };
		218B71EC14D71D6C00CCE2F7 /* tile004-006.png in Resources */ = {isa = PBXBuildFile; fileRef = 218B71E014D71D6B00CCE2F7 /* tile004-006.png */; };
		218B71ED14D71D6C00CCE2F7 /* tile004-007.png in Resources */ = {isa = PBXBuildFile; fileRef = 218B71E114D71D6B00CCE2F7 /* tile004-007.png */; };
		218B71EE14D71D6C00CCE2F7 /* tile004-008.png in Resources */ = {isa = PBXBuildFile; fileRef = 218B71E214D71D6B00CCE2F7 /* tile004-008.png */; };
		218B71EF14D71D6C00CCE2F7 /* tile004-009.png in Resources */ = {isa = PBXBuildFile; fileRef = 218B71E314D71D6B00CCE2F7 /* tile004-009.png */; };
		218B71F014D71D6C00CCE2F7 /* tile004-010.png in Resources */ = {isa = PBXBuildFile; fileRef = 218B71E414D71D6C00CCE2F7 /* tile004-010.png */; };
		218B71F114D71D6C00CCE2F7 /* tile004-011.png in Resources */ = {isa = PBXBuildFile; fileRef = 218B71E514D71D6C00CCE2F7 /* tile004-011.png */; };
		288765FD0DF74451002DB57D /* CoreGraphics.framework in Frameworks */ = {isa = PBXBuildFile; fileRef = 288765FC0DF74451002DB57D /* CoreGraphics.framework */; };
		3809343912FF3B3300EB0894 /* JFMainWindow.m in Sources */ = {isa = PBXBuildFile; fileRef = 3809343812FF3B3300EB0894 /* JFMainWindow.m */; };
		380934A512FF441600EB0894 /* JFBookSpine.m in Sources */ = {isa = PBXBuildFile; fileRef = 380934A412FF441600EB0894 /* JFBookSpine.m */; };
		380935C612FF9A4300EB0894 /* JFPopupView.m in Sources */ = {isa = PBXBuildFile; fileRef = 380935C512FF9A4300EB0894 /* JFPopupView.m */; };
		9CDD15A91420151D00A44879 /* QuartzCore.framework in Frameworks */ = {isa = PBXBuildFile; fileRef = 9CDD15A81420151D00A44879 /* QuartzCore.framework */; };
		C457728A14D08365000BE608 /* llama.png in Resources */ = {isa = PBXBuildFile; fileRef = C457728914D08365000BE608 /* llama.png */; };
		C457728F14D0837D000BE608 /* coord_plane-trans.png in Resources */ = {isa = PBXBuildFile; fileRef = C457728E14D0837D000BE608 /* coord_plane-trans.png */; };
		C4B0870D147C89E000804DE1 /* interactive.html in Resources */ = {isa = PBXBuildFile; fileRef = C4B0870C147C89E000804DE1 /* interactive.html */; };
		CC14480212AEE30600F30C62 /* Icon-72.png in Resources */ = {isa = PBXBuildFile; fileRef = CC1447FE12AEE30600F30C62 /* Icon-72.png */; };
		CC14480312AEE30600F30C62 /* Icon-Small-50.png in Resources */ = {isa = PBXBuildFile; fileRef = CC1447FF12AEE30600F30C62 /* Icon-Small-50.png */; };
		CC14480412AEE30600F30C62 /* Icon-Small.png in Resources */ = {isa = PBXBuildFile; fileRef = CC14480012AEE30600F30C62 /* Icon-Small.png */; };
		CC14480512AEE30600F30C62 /* iTunesArtwork.png in Resources */ = {isa = PBXBuildFile; fileRef = CC14480112AEE30600F30C62 /* iTunesArtwork.png */; };
		CC1790A112A5E39800A88ADD /* arrowleft.png in Resources */ = {isa = PBXBuildFile; fileRef = CC17906112A5E39800A88ADD /* arrowleft.png */; };
		CC1790A212A5E39800A88ADD /* arrowright.png in Resources */ = {isa = PBXBuildFile; fileRef = CC17906212A5E39800A88ADD /* arrowright.png */; };
		CC1790BA12A5E39800A88ADD /* house.png in Resources */ = {isa = PBXBuildFile; fileRef = CC17907A12A5E39800A88ADD /* house.png */; };
		CC1D994A1291F7F000BD261B /* AVFoundation.framework in Frameworks */ = {isa = PBXBuildFile; fileRef = CC1D99491291F7F000BD261B /* AVFoundation.framework */; };
		CC1D994E1291F7FA00BD261B /* AudioToolbox.framework in Frameworks */ = {isa = PBXBuildFile; fileRef = CC1D994D1291F7FA00BD261B /* AudioToolbox.framework */; };
		CC3D738B129C3FC300A74B92 /* 19-gear.png in Resources */ = {isa = PBXBuildFile; fileRef = CC3D72C3129C3FC200A74B92 /* 19-gear.png */; };
		CCA0BC77127F348A00A46D9C /* MainWindow.xib in Resources */ = {isa = PBXBuildFile; fileRef = CCA0BC76127F348A00A46D9C /* MainWindow.xib */; };
/* End PBXBuildFile section */

/* Begin PBXFileReference section */
		1D30AB110D05D00D00671497 /* Foundation.framework */ = {isa = PBXFileReference; lastKnownFileType = wrapper.framework; name = Foundation.framework; path = System/Library/Frameworks/Foundation.framework; sourceTree = SDKROOT; };
		1D3623240D0F684500981E51 /* textbookAppDelegate.h */ = {isa = PBXFileReference; fileEncoding = 4; lastKnownFileType = sourcecode.c.h; path = textbookAppDelegate.h; sourceTree = "<group>"; };
		1D3623250D0F684500981E51 /* textbookAppDelegate.m */ = {isa = PBXFileReference; fileEncoding = 4; lastKnownFileType = sourcecode.c.objc; path = textbookAppDelegate.m; sourceTree = "<group>"; };
		1D6058910D05DD3D006BFB54 /* Reflections.app */ = {isa = PBXFileReference; explicitFileType = wrapper.application; includeInIndex = 0; path = Reflections.app; sourceTree = BUILT_PRODUCTS_DIR; };
		1DF5F4DF0D08C38300B7A737 /* UIKit.framework */ = {isa = PBXFileReference; lastKnownFileType = wrapper.framework; name = UIKit.framework; path = System/Library/Frameworks/UIKit.framework; sourceTree = SDKROOT; };
		218B70D714D3329700CCE2F7 /* page001.png */ = {isa = PBXFileReference; lastKnownFileType = image.png; path = page001.png; sourceTree = "<group>"; };
		218B70D814D3329700CCE2F7 /* page002.png */ = {isa = PBXFileReference; lastKnownFileType = image.png; path = page002.png; sourceTree = "<group>"; };
		218B70D914D3329700CCE2F7 /* page003.png */ = {isa = PBXFileReference; lastKnownFileType = image.png; path = page003.png; sourceTree = "<group>"; };
		218B70DA14D3329700CCE2F7 /* tile001-000.png */ = {isa = PBXFileReference; lastKnownFileType = image.png; path = "tile001-000.png"; sourceTree = "<group>"; };
		218B70DB14D3329700CCE2F7 /* tile001-001.png */ = {isa = PBXFileReference; lastKnownFileType = image.png; path = "tile001-001.png"; sourceTree = "<group>"; };
		218B70DC14D3329700CCE2F7 /* tile001-002.png */ = {isa = PBXFileReference; lastKnownFileType = image.png; path = "tile001-002.png"; sourceTree = "<group>"; };
		218B70DD14D3329700CCE2F7 /* tile001-003.png */ = {isa = PBXFileReference; lastKnownFileType = image.png; path = "tile001-003.png"; sourceTree = "<group>"; };
		218B70DE14D3329700CCE2F7 /* tile001-004.png */ = {isa = PBXFileReference; lastKnownFileType = image.png; path = "tile001-004.png"; sourceTree = "<group>"; };
		218B70DF14D3329700CCE2F7 /* tile001-005.png */ = {isa = PBXFileReference; lastKnownFileType = image.png; path = "tile001-005.png"; sourceTree = "<group>"; };
		218B70E014D3329700CCE2F7 /* tile001-006.png */ = {isa = PBXFileReference; lastKnownFileType = image.png; path = "tile001-006.png"; sourceTree = "<group>"; };
		218B70E114D3329700CCE2F7 /* tile001-007.png */ = {isa = PBXFileReference; lastKnownFileType = image.png; path = "tile001-007.png"; sourceTree = "<group>"; };
		218B70E214D3329700CCE2F7 /* tile001-008.png */ = {isa = PBXFileReference; lastKnownFileType = image.png; path = "tile001-008.png"; sourceTree = "<group>"; };
		218B70E314D3329700CCE2F7 /* tile001-009.png */ = {isa = PBXFileReference; lastKnownFileType = image.png; path = "tile001-009.png"; sourceTree = "<group>"; };
		218B70E414D3329700CCE2F7 /* tile001-010.png */ = {isa = PBXFileReference; lastKnownFileType = image.png; path = "tile001-010.png"; sourceTree = "<group>"; };
		218B70E514D3329700CCE2F7 /* tile001-011.png */ = {isa = PBXFileReference; lastKnownFileType = image.png; path = "tile001-011.png"; sourceTree = "<group>"; };
		218B70E614D3329700CCE2F7 /* tile001-012.png */ = {isa = PBXFileReference; lastKnownFileType = image.png; path = "tile001-012.png"; sourceTree = "<group>"; };
		218B70E714D3329700CCE2F7 /* tile001-013.png */ = {isa = PBXFileReference; lastKnownFileType = image.png; path = "tile001-013.png"; sourceTree = "<group>"; };
		218B70E814D3329700CCE2F7 /* tile001-014.png */ = {isa = PBXFileReference; lastKnownFileType = image.png; path = "tile001-014.png"; sourceTree = "<group>"; };
		218B70E914D3329700CCE2F7 /* tile001-015.png */ = {isa = PBXFileReference; lastKnownFileType = image.png; path = "tile001-015.png"; sourceTree = "<group>"; };
		218B70EA14D3329700CCE2F7 /* tile001-016.png */ = {isa = PBXFileReference; lastKnownFileType = image.png; path = "tile001-016.png"; sourceTree = "<group>"; };
		218B70EB14D3329700CCE2F7 /* tile001-017.png */ = {isa = PBXFileReference; lastKnownFileType = image.png; path = "tile001-017.png"; sourceTree = "<group>"; };
		218B70EC14D3329700CCE2F7 /* tile001-018.png */ = {isa = PBXFileReference; lastKnownFileType = image.png; path = "tile001-018.png"; sourceTree = "<group>"; };
		218B70ED14D3329700CCE2F7 /* tile001-019.png */ = {isa = PBXFileReference; lastKnownFileType = image.png; path = "tile001-019.png"; sourceTree = "<group>"; };
		218B70EE14D3329700CCE2F7 /* tile001-020.png */ = {isa = PBXFileReference; lastKnownFileType = image.png; path = "tile001-020.png"; sourceTree = "<group>"; };
		218B70EF14D3329700CCE2F7 /* tile001-021.png */ = {isa = PBXFileReference; lastKnownFileType = image.png; path = "tile001-021.png"; sourceTree = "<group>"; };
		218B70F014D3329700CCE2F7 /* tile001-022.png */ = {isa = PBXFileReference; lastKnownFileType = image.png; path = "tile001-022.png"; sourceTree = "<group>"; };
		218B70F114D3329700CCE2F7 /* tile001-023.png */ = {isa = PBXFileReference; lastKnownFileType = image.png; path = "tile001-023.png"; sourceTree = "<group>"; };
		218B70F214D3329700CCE2F7 /* tile001-024.png */ = {isa = PBXFileReference; lastKnownFileType = image.png; path = "tile001-024.png"; sourceTree = "<group>"; };
		218B70F314D3329700CCE2F7 /* tile001-025.png */ = {isa = PBXFileReference; lastKnownFileType = image.png; path = "tile001-025.png"; sourceTree = "<group>"; };
		218B70F414D3329700CCE2F7 /* tile001-026.png */ = {isa = PBXFileReference; lastKnownFileType = image.png; path = "tile001-026.png"; sourceTree = "<group>"; };
		218B70F514D3329700CCE2F7 /* tile001-027.png */ = {isa = PBXFileReference; lastKnownFileType = image.png; path = "tile001-027.png"; sourceTree = "<group>"; };
		218B70F614D3329700CCE2F7 /* tile001-028.png */ = {isa = PBXFileReference; lastKnownFileType = image.png; path = "tile001-028.png"; sourceTree = "<group>"; };
		218B70F714D3329700CCE2F7 /* tile001-029.png */ = {isa = PBXFileReference; lastKnownFileType = image.png; path = "tile001-029.png"; sourceTree = "<group>"; };
		218B70F814D3329700CCE2F7 /* tile001-030.png */ = {isa = PBXFileReference; lastKnownFileType = image.png; path = "tile001-030.png"; sourceTree = "<group>"; };
		218B70F914D3329700CCE2F7 /* tile001-031.png */ = {isa = PBXFileReference; lastKnownFileType = image.png; path = "tile001-031.png"; sourceTree = "<group>"; };
		218B70FA14D3329700CCE2F7 /* tile001-032.png */ = {isa = PBXFileReference; lastKnownFileType = image.png; path = "tile001-032.png"; sourceTree = "<group>"; };
		218B70FB14D3329700CCE2F7 /* tile001-033.png */ = {isa = PBXFileReference; lastKnownFileType = image.png; path = "tile001-033.png"; sourceTree = "<group>"; };
		218B70FC14D3329700CCE2F7 /* tile001-034.png */ = {isa = PBXFileReference; lastKnownFileType = image.png; path = "tile001-034.png"; sourceTree = "<group>"; };
		218B70FD14D3329700CCE2F7 /* tile001-035.png */ = {isa = PBXFileReference; lastKnownFileType = image.png; path = "tile001-035.png"; sourceTree = "<group>"; };
		218B70FE14D3329700CCE2F7 /* tile002-000.png */ = {isa = PBXFileReference; lastKnownFileType = image.png; path = "tile002-000.png"; sourceTree = "<group>"; };
		218B70FF14D3329700CCE2F7 /* tile002-001.png */ = {isa = PBXFileReference; lastKnownFileType = image.png; path = "tile002-001.png"; sourceTree = "<group>"; };
		218B710014D3329700CCE2F7 /* tile002-002.png */ = {isa = PBXFileReference; lastKnownFileType = image.png; path = "tile002-002.png"; sourceTree = "<group>"; };
		218B710114D3329700CCE2F7 /* tile002-003.png */ = {isa = PBXFileReference; lastKnownFileType = image.png; path = "tile002-003.png"; sourceTree = "<group>"; };
		218B710214D3329700CCE2F7 /* tile002-004.png */ = {isa = PBXFileReference; lastKnownFileType = image.png; path = "tile002-004.png"; sourceTree = "<group>"; };
		218B710314D3329700CCE2F7 /* tile002-005.png */ = {isa = PBXFileReference; lastKnownFileType = image.png; path = "tile002-005.png"; sourceTree = "<group>"; };
		218B710414D3329700CCE2F7 /* tile002-006.png */ = {isa = PBXFileReference; lastKnownFileType = image.png; path = "tile002-006.png"; sourceTree = "<group>"; };
		218B710514D3329700CCE2F7 /* tile002-007.png */ = {isa = PBXFileReference; lastKnownFileType = image.png; path = "tile002-007.png"; sourceTree = "<group>"; };
		218B710614D3329700CCE2F7 /* tile002-008.png */ = {isa = PBXFileReference; lastKnownFileType = image.png; path = "tile002-008.png"; sourceTree = "<group>"; };
		218B710714D3329700CCE2F7 /* tile002-009.png */ = {isa = PBXFileReference; lastKnownFileType = image.png; path = "tile002-009.png"; sourceTree = "<group>"; };
		218B710814D3329700CCE2F7 /* tile002-010.png */ = {isa = PBXFileReference; lastKnownFileType = image.png; path = "tile002-010.png"; sourceTree = "<group>"; };
		218B710914D3329700CCE2F7 /* tile002-011.png */ = {isa = PBXFileReference; lastKnownFileType = image.png; path = "tile002-011.png"; sourceTree = "<group>"; };
		218B710A14D3329700CCE2F7 /* tile002-012.png */ = {isa = PBXFileReference; lastKnownFileType = image.png; path = "tile002-012.png"; sourceTree = "<group>"; };
		218B710B14D3329700CCE2F7 /* tile002-013.png */ = {isa = PBXFileReference; lastKnownFileType = image.png; path = "tile002-013.png"; sourceTree = "<group>"; };
		218B710C14D3329700CCE2F7 /* tile002-014.png */ = {isa = PBXFileReference; lastKnownFileType = image.png; path = "tile002-014.png"; sourceTree = "<group>"; };
		218B710D14D3329700CCE2F7 /* tile002-015.png */ = {isa = PBXFileReference; lastKnownFileType = image.png; path = "tile002-015.png"; sourceTree = "<group>"; };
		218B710E14D3329700CCE2F7 /* tile002-016.png */ = {isa = PBXFileReference; lastKnownFileType = image.png; path = "tile002-016.png"; sourceTree = "<group>"; };
		218B710F14D3329700CCE2F7 /* tile002-017.png */ = {isa = PBXFileReference; lastKnownFileType = image.png; path = "tile002-017.png"; sourceTree = "<group>"; };
		218B711014D3329700CCE2F7 /* tile002-018.png */ = {isa = PBXFileReference; lastKnownFileType = image.png; path = "tile002-018.png"; sourceTree = "<group>"; };
		218B711114D3329700CCE2F7 /* tile002-019.png */ = {isa = PBXFileReference; lastKnownFileType = image.png; path = "tile002-019.png"; sourceTree = "<group>"; };
		218B711214D3329700CCE2F7 /* tile002-020.png */ = {isa = PBXFileReference; lastKnownFileType = image.png; path = "tile002-020.png"; sourceTree = "<group>"; };
		218B711314D3329700CCE2F7 /* tile002-021.png */ = {isa = PBXFileReference; lastKnownFileType = image.png; path = "tile002-021.png"; sourceTree = "<group>"; };
		218B711414D3329700CCE2F7 /* tile002-022.png */ = {isa = PBXFileReference; lastKnownFileType = image.png; path = "tile002-022.png"; sourceTree = "<group>"; };
		218B711514D3329700CCE2F7 /* tile002-023.png */ = {isa = PBXFileReference; lastKnownFileType = image.png; path = "tile002-023.png"; sourceTree = "<group>"; };
		218B711614D3329700CCE2F7 /* tile002-024.png */ = {isa = PBXFileReference; lastKnownFileType = image.png; path = "tile002-024.png"; sourceTree = "<group>"; };
		218B711714D3329700CCE2F7 /* tile002-025.png */ = {isa = PBXFileReference; lastKnownFileType = image.png; path = "tile002-025.png"; sourceTree = "<group>"; };
		218B711814D3329700CCE2F7 /* tile002-026.png */ = {isa = PBXFileReference; lastKnownFileType = image.png; path = "tile002-026.png"; sourceTree = "<group>"; };
		218B711914D3329700CCE2F7 /* tile002-027.png */ = {isa = PBXFileReference; lastKnownFileType = image.png; path = "tile002-027.png"; sourceTree = "<group>"; };
		218B711A14D3329700CCE2F7 /* tile002-028.png */ = {isa = PBXFileReference; lastKnownFileType = image.png; path = "tile002-028.png"; sourceTree = "<group>"; };
		218B711B14D3329700CCE2F7 /* tile002-029.png */ = {isa = PBXFileReference; lastKnownFileType = image.png; path = "tile002-029.png"; sourceTree = "<group>"; };
		218B711C14D3329700CCE2F7 /* tile002-030.png */ = {isa = PBXFileReference; lastKnownFileType = image.png; path = "tile002-030.png"; sourceTree = "<group>"; };
		218B711D14D3329700CCE2F7 /* tile002-031.png */ = {isa = PBXFileReference; lastKnownFileType = image.png; path = "tile002-031.png"; sourceTree = "<group>"; };
		218B711E14D3329700CCE2F7 /* tile002-032.png */ = {isa = PBXFileReference; lastKnownFileType = image.png; path = "tile002-032.png"; sourceTree = "<group>"; };
		218B711F14D3329700CCE2F7 /* tile002-033.png */ = {isa = PBXFileReference; lastKnownFileType = image.png; path = "tile002-033.png"; sourceTree = "<group>"; };
		218B712014D3329700CCE2F7 /* tile002-034.png */ = {isa = PBXFileReference; lastKnownFileType = image.png; path = "tile002-034.png"; sourceTree = "<group>"; };
		218B712114D3329700CCE2F7 /* tile002-035.png */ = {isa = PBXFileReference; lastKnownFileType = image.png; path = "tile002-035.png"; sourceTree = "<group>"; };
		218B712214D3329700CCE2F7 /* tile002-036.png */ = {isa = PBXFileReference; lastKnownFileType = image.png; path = "tile002-036.png"; sourceTree = "<group>"; };
		218B712314D3329700CCE2F7 /* tile002-037.png */ = {isa = PBXFileReference; lastKnownFileType = image.png; path = "tile002-037.png"; sourceTree = "<group>"; };
		218B712414D3329700CCE2F7 /* tile002-038.png */ = {isa = PBXFileReference; lastKnownFileType = image.png; path = "tile002-038.png"; sourceTree = "<group>"; };
		218B712514D3329700CCE2F7 /* tile002-039.png */ = {isa = PBXFileReference; lastKnownFileType = image.png; path = "tile002-039.png"; sourceTree = "<group>"; };
		218B712614D3329700CCE2F7 /* tile002-040.png */ = {isa = PBXFileReference; lastKnownFileType = image.png; path = "tile002-040.png"; sourceTree = "<group>"; };
		218B712714D3329700CCE2F7 /* tile002-041.png */ = {isa = PBXFileReference; lastKnownFileType = image.png; path = "tile002-041.png"; sourceTree = "<group>"; };
		218B712814D3329700CCE2F7 /* tile003-000.png */ = {isa = PBXFileReference; lastKnownFileType = image.png; path = "tile003-000.png"; sourceTree = "<group>"; };
		218B712914D3329700CCE2F7 /* tile003-001.png */ = {isa = PBXFileReference; lastKnownFileType = image.png; path = "tile003-001.png"; sourceTree = "<group>"; };
		218B712A14D3329700CCE2F7 /* tile003-002.png */ = {isa = PBXFileReference; lastKnownFileType = image.png; path = "tile003-002.png"; sourceTree = "<group>"; };
		218B712B14D3329700CCE2F7 /* tile003-003.png */ = {isa = PBXFileReference; lastKnownFileType = image.png; path = "tile003-003.png"; sourceTree = "<group>"; };
		218B712C14D3329700CCE2F7 /* tile003-004.png */ = {isa = PBXFileReference; lastKnownFileType = image.png; path = "tile003-004.png"; sourceTree = "<group>"; };
		218B712D14D3329700CCE2F7 /* tile003-005.png */ = {isa = PBXFileReference; lastKnownFileType = image.png; path = "tile003-005.png"; sourceTree = "<group>"; };
		218B712E14D3329700CCE2F7 /* tile003-006.png */ = {isa = PBXFileReference; lastKnownFileType = image.png; path = "tile003-006.png"; sourceTree = "<group>"; };
		218B712F14D3329700CCE2F7 /* tile003-007.png */ = {isa = PBXFileReference; lastKnownFileType = image.png; path = "tile003-007.png"; sourceTree = "<group>"; };
		218B713014D3329700CCE2F7 /* tile003-008.png */ = {isa = PBXFileReference; lastKnownFileType = image.png; path = "tile003-008.png"; sourceTree = "<group>"; };
		218B713114D3329700CCE2F7 /* tile003-009.png */ = {isa = PBXFileReference; lastKnownFileType = image.png; path = "tile003-009.png"; sourceTree = "<group>"; };
		218B713214D3329700CCE2F7 /* tile003-010.png */ = {isa = PBXFileReference; lastKnownFileType = image.png; path = "tile003-010.png"; sourceTree = "<group>"; };
		218B713314D3329700CCE2F7 /* tile003-011.png */ = {isa = PBXFileReference; lastKnownFileType = image.png; path = "tile003-011.png"; sourceTree = "<group>"; };
		218B713414D3329700CCE2F7 /* tile003-012.png */ = {isa = PBXFileReference; lastKnownFileType = image.png; path = "tile003-012.png"; sourceTree = "<group>"; };
		218B713514D3329700CCE2F7 /* tile003-013.png */ = {isa = PBXFileReference; lastKnownFileType = image.png; path = "tile003-013.png"; sourceTree = "<group>"; };
		218B713614D3329700CCE2F7 /* tile003-014.png */ = {isa = PBXFileReference; lastKnownFileType = image.png; path = "tile003-014.png"; sourceTree = "<group>"; };
		218B713714D3329700CCE2F7 /* tile003-015.png */ = {isa = PBXFileReference; lastKnownFileType = image.png; path = "tile003-015.png"; sourceTree = "<group>"; };
		218B713814D3329700CCE2F7 /* tile003-016.png */ = {isa = PBXFileReference; lastKnownFileType = image.png; path = "tile003-016.png"; sourceTree = "<group>"; };
		218B713914D3329700CCE2F7 /* tile003-017.png */ = {isa = PBXFileReference; lastKnownFileType = image.png; path = "tile003-017.png"; sourceTree = "<group>"; };
		218B713A14D3329700CCE2F7 /* tile003-018.png */ = {isa = PBXFileReference; lastKnownFileType = image.png; path = "tile003-018.png"; sourceTree = "<group>"; };
		218B713B14D3329700CCE2F7 /* tile003-019.png */ = {isa = PBXFileReference; lastKnownFileType = image.png; path = "tile003-019.png"; sourceTree = "<group>"; };
		218B713C14D3329700CCE2F7 /* tile003-020.png */ = {isa = PBXFileReference; lastKnownFileType = image.png; path = "tile003-020.png"; sourceTree = "<group>"; };
		218B713D14D3329700CCE2F7 /* tile003-021.png */ = {isa = PBXFileReference; lastKnownFileType = image.png; path = "tile003-021.png"; sourceTree = "<group>"; };
		218B713E14D3329700CCE2F7 /* tile003-022.png */ = {isa = PBXFileReference; lastKnownFileType = image.png; path = "tile003-022.png"; sourceTree = "<group>"; };
		218B713F14D3329700CCE2F7 /* tile003-023.png */ = {isa = PBXFileReference; lastKnownFileType = image.png; path = "tile003-023.png"; sourceTree = "<group>"; };
		218B714014D3329700CCE2F7 /* tile003-024.png */ = {isa = PBXFileReference; lastKnownFileType = image.png; path = "tile003-024.png"; sourceTree = "<group>"; };
		218B714114D3329700CCE2F7 /* tile003-025.png */ = {isa = PBXFileReference; lastKnownFileType = image.png; path = "tile003-025.png"; sourceTree = "<group>"; };
		218B714214D3329700CCE2F7 /* tile003-026.png */ = {isa = PBXFileReference; lastKnownFileType = image.png; path = "tile003-026.png"; sourceTree = "<group>"; };
		218B714314D3329700CCE2F7 /* tile003-027.png */ = {isa = PBXFileReference; lastKnownFileType = image.png; path = "tile003-027.png"; sourceTree = "<group>"; };
		218B714414D3329700CCE2F7 /* tile003-028.png */ = {isa = PBXFileReference; lastKnownFileType = image.png; path = "tile003-028.png"; sourceTree = "<group>"; };
		218B714514D3329700CCE2F7 /* tile003-029.png */ = {isa = PBXFileReference; lastKnownFileType = image.png; path = "tile003-029.png"; sourceTree = "<group>"; };
		218B71CA14D334A300CCE2F7 /* JFSectionView.h */ = {isa = PBXFileReference; fileEncoding = 4; lastKnownFileType = sourcecode.c.h; path = JFSectionView.h; sourceTree = "<group>"; };
		218B71CB14D334A400CCE2F7 /* JFSectionView.m */ = {isa = PBXFileReference; fileEncoding = 4; lastKnownFileType = sourcecode.c.objc; path = JFSectionView.m; sourceTree = "<group>"; };
		218B71CD14D33A4200CCE2F7 /* JFSectionViewController.h */ = {isa = PBXFileReference; fileEncoding = 4; lastKnownFileType = sourcecode.c.h; path = JFSectionViewController.h; sourceTree = "<group>"; };
		218B71CE14D33A4200CCE2F7 /* JFSectionViewController.m */ = {isa = PBXFileReference; fileEncoding = 4; lastKnownFileType = sourcecode.c.objc; path = JFSectionViewController.m; sourceTree = "<group>"; };
		218B71D214D3449200CCE2F7 /* JFNavigatorViewController.h */ = {isa = PBXFileReference; fileEncoding = 4; lastKnownFileType = sourcecode.c.h; path = JFNavigatorViewController.h; sourceTree = "<group>"; };
		218B71D314D3449300CCE2F7 /* JFNavigatorViewController.m */ = {isa = PBXFileReference; fileEncoding = 4; lastKnownFileType = sourcecode.c.objc; path = JFNavigatorViewController.m; sourceTree = "<group>"; };
		218B71D514D7022A00CCE2F7 /* JFPagingViewController.h */ = {isa = PBXFileReference; fileEncoding = 4; lastKnownFileType = sourcecode.c.h; name = JFPagingViewController.h; path = ../JFPagingViewController.h; sourceTree = "<group>"; };
		218B71D614D7022A00CCE2F7 /* JFPagingViewController.m */ = {isa = PBXFileReference; fileEncoding = 4; lastKnownFileType = sourcecode.c.objc; name = JFPagingViewController.m; path = ../JFPagingViewController.m; sourceTree = "<group>"; };
		218B71D814D71D5F00CCE2F7 /* page004.png */ = {isa = PBXFileReference; lastKnownFileType = image.png; path = page004.png; sourceTree = "<group>"; };
		218B71DA14D71D6B00CCE2F7 /* tile004-000.png */ = {isa = PBXFileReference; lastKnownFileType = image.png; path = "tile004-000.png"; sourceTree = "<group>"; };
		218B71DB14D71D6B00CCE2F7 /* tile004-001.png */ = {isa = PBXFileReference; lastKnownFileType = image.png; path = "tile004-001.png"; sourceTree = "<group>"; };
		218B71DC14D71D6B00CCE2F7 /* tile004-002.png */ = {isa = PBXFileReference; lastKnownFileType = image.png; path = "tile004-002.png"; sourceTree = "<group>"; };
		218B71DD14D71D6B00CCE2F7 /* tile004-003.png */ = {isa = PBXFileReference; lastKnownFileType = image.png; path = "tile004-003.png"; sourceTree = "<group>"; };
		218B71DE14D71D6B00CCE2F7 /* tile004-004.png */ = {isa = PBXFileReference; lastKnownFileType = image.png; path = "tile004-004.png"; sourceTree = "<group>"; };
		218B71DF14D71D6B00CCE2F7 /* tile004-005.png */ = {isa = PBXFileReference; lastKnownFileType = image.png; path = "tile004-005.png"; sourceTree = "<group>"; };
		218B71E014D71D6B00CCE2F7 /* tile004-006.png */ = {isa = PBXFileReference; lastKnownFileType = image.png; path = "tile004-006.png"; sourceTree = "<group>"; };
		218B71E114D71D6B00CCE2F7 /* tile004-007.png */ = {isa = PBXFileReference; lastKnownFileType = image.png; path = "tile004-007.png"; sourceTree = "<group>"; };
		218B71E214D71D6B00CCE2F7 /* tile004-008.png */ = {isa = PBXFileReference; lastKnownFileType = image.png; path = "tile004-008.png"; sourceTree = "<group>"; };
		218B71E314D71D6B00CCE2F7 /* tile004-009.png */ = {isa = PBXFileReference; lastKnownFileType = image.png; path = "tile004-009.png"; sourceTree = "<group>"; };
		218B71E414D71D6C00CCE2F7 /* tile004-010.png */ = {isa = PBXFileReference; lastKnownFileType = image.png; path = "tile004-010.png"; sourceTree = "<group>"; };
		218B71E514D71D6C00CCE2F7 /* tile004-011.png */ = {isa = PBXFileReference; lastKnownFileType = image.png; path = "tile004-011.png"; sourceTree = "<group>"; };
		288765FC0DF74451002DB57D /* CoreGraphics.framework */ = {isa = PBXFileReference; lastKnownFileType = wrapper.framework; name = CoreGraphics.framework; path = System/Library/Frameworks/CoreGraphics.framework; sourceTree = SDKROOT; };
		29B97316FDCFA39411CA2CEA /* main.m */ = {isa = PBXFileReference; fileEncoding = 4; lastKnownFileType = sourcecode.c.objc; path = main.m; sourceTree = "<group>"; };
		32CA4F630368D1EE00C91783 /* textbook_Prefix.pch */ = {isa = PBXFileReference; fileEncoding = 4; lastKnownFileType = sourcecode.c.h; path = textbook_Prefix.pch; sourceTree = "<group>"; };
		3809343712FF3B3300EB0894 /* JFMainWindow.h */ = {isa = PBXFileReference; fileEncoding = 4; lastKnownFileType = sourcecode.c.h; path = JFMainWindow.h; sourceTree = "<group>"; };
		3809343812FF3B3300EB0894 /* JFMainWindow.m */ = {isa = PBXFileReference; fileEncoding = 4; lastKnownFileType = sourcecode.c.objc; path = JFMainWindow.m; sourceTree = "<group>"; };
		380934A312FF441600EB0894 /* JFBookSpine.h */ = {isa = PBXFileReference; fileEncoding = 4; lastKnownFileType = sourcecode.c.h; path = JFBookSpine.h; sourceTree = "<group>"; };
		380934A412FF441600EB0894 /* JFBookSpine.m */ = {isa = PBXFileReference; fileEncoding = 4; lastKnownFileType = sourcecode.c.objc; path = JFBookSpine.m; sourceTree = "<group>"; };
		380935C412FF9A4300EB0894 /* JFPopupView.h */ = {isa = PBXFileReference; fileEncoding = 4; lastKnownFileType = sourcecode.c.h; path = JFPopupView.h; sourceTree = "<group>"; };
		380935C512FF9A4300EB0894 /* JFPopupView.m */ = {isa = PBXFileReference; fileEncoding = 4; lastKnownFileType = sourcecode.c.objc; path = JFPopupView.m; sourceTree = "<group>"; };
		8D1107310486CEB800E47090 /* textbook-Info.plist */ = {isa = PBXFileReference; fileEncoding = 4; lastKnownFileType = text.plist.xml; path = "textbook-Info.plist"; plistStructureDefinitionIdentifier = "com.apple.xcode.plist.structure-definition.iphone.info-plist"; sourceTree = "<group>"; };
		9CDD15A81420151D00A44879 /* QuartzCore.framework */ = {isa = PBXFileReference; lastKnownFileType = wrapper.framework; name = QuartzCore.framework; path = System/Library/Frameworks/QuartzCore.framework; sourceTree = SDKROOT; };
		C457728914D08365000BE608 /* llama.png */ = {isa = PBXFileReference; lastKnownFileType = image.png; path = llama.png; sourceTree = "<group>"; };
		C457728E14D0837D000BE608 /* coord_plane-trans.png */ = {isa = PBXFileReference; lastKnownFileType = image.png; path = "coord_plane-trans.png"; sourceTree = "<group>"; };
		C4B0870C147C89E000804DE1 /* interactive.html */ = {isa = PBXFileReference; fileEncoding = 4; lastKnownFileType = text.html; name = interactive.html; path = Classes/interactive.html; sourceTree = "<group>"; };
		CC1447FE12AEE30600F30C62 /* Icon-72.png */ = {isa = PBXFileReference; lastKnownFileType = image.png; path = "Icon-72.png"; sourceTree = "<group>"; };
		CC1447FF12AEE30600F30C62 /* Icon-Small-50.png */ = {isa = PBXFileReference; lastKnownFileType = image.png; path = "Icon-Small-50.png"; sourceTree = "<group>"; };
		CC14480012AEE30600F30C62 /* Icon-Small.png */ = {isa = PBXFileReference; lastKnownFileType = image.png; path = "Icon-Small.png"; sourceTree = "<group>"; };
		CC14480112AEE30600F30C62 /* iTunesArtwork.png */ = {isa = PBXFileReference; lastKnownFileType = image.png; path = iTunesArtwork.png; sourceTree = "<group>"; };
		CC17906112A5E39800A88ADD /* arrowleft.png */ = {isa = PBXFileReference; lastKnownFileType = image.png; path = arrowleft.png; sourceTree = "<group>"; };
		CC17906212A5E39800A88ADD /* arrowright.png */ = {isa = PBXFileReference; lastKnownFileType = image.png; path = arrowright.png; sourceTree = "<group>"; };
		CC17907A12A5E39800A88ADD /* house.png */ = {isa = PBXFileReference; lastKnownFileType = image.png; path = house.png; sourceTree = "<group>"; };
		CC1D99491291F7F000BD261B /* AVFoundation.framework */ = {isa = PBXFileReference; lastKnownFileType = wrapper.framework; name = AVFoundation.framework; path = System/Library/Frameworks/AVFoundation.framework; sourceTree = SDKROOT; };
		CC1D994D1291F7FA00BD261B /* AudioToolbox.framework */ = {isa = PBXFileReference; lastKnownFileType = wrapper.framework; name = AudioToolbox.framework; path = System/Library/Frameworks/AudioToolbox.framework; sourceTree = SDKROOT; };
		CC3D72C3129C3FC200A74B92 /* 19-gear.png */ = {isa = PBXFileReference; lastKnownFileType = image.png; path = "19-gear.png"; sourceTree = "<group>"; };
		CCA0BC76127F348A00A46D9C /* MainWindow.xib */ = {isa = PBXFileReference; lastKnownFileType = file.xib; path = MainWindow.xib; sourceTree = "<group>"; };
/* End PBXFileReference section */

/* Begin PBXFrameworksBuildPhase section */
		1D60588F0D05DD3D006BFB54 /* Frameworks */ = {
			isa = PBXFrameworksBuildPhase;
			buildActionMask = 2147483647;
			files = (
				1D60589F0D05DD5A006BFB54 /* Foundation.framework in Frameworks */,
				1DF5F4E00D08C38300B7A737 /* UIKit.framework in Frameworks */,
				288765FD0DF74451002DB57D /* CoreGraphics.framework in Frameworks */,
				CC1D994A1291F7F000BD261B /* AVFoundation.framework in Frameworks */,
				CC1D994E1291F7FA00BD261B /* AudioToolbox.framework in Frameworks */,
				9CDD15A91420151D00A44879 /* QuartzCore.framework in Frameworks */,
			);
			runOnlyForDeploymentPostprocessing = 0;
		};
/* End PBXFrameworksBuildPhase section */

/* Begin PBXGroup section */
		080E96DDFE201D6D7F000001 /* Classes */ = {
			isa = PBXGroup;
			children = (
				1D3623240D0F684500981E51 /* textbookAppDelegate.h */,
				1D3623250D0F684500981E51 /* textbookAppDelegate.m */,
				380935C412FF9A4300EB0894 /* JFPopupView.h */,
				380935C512FF9A4300EB0894 /* JFPopupView.m */,
				380934A312FF441600EB0894 /* JFBookSpine.h */,
				380934A412FF441600EB0894 /* JFBookSpine.m */,
				3809343712FF3B3300EB0894 /* JFMainWindow.h */,
				3809343812FF3B3300EB0894 /* JFMainWindow.m */,
				218B71D214D3449200CCE2F7 /* JFNavigatorViewController.h */,
				218B71D314D3449300CCE2F7 /* JFNavigatorViewController.m */,
				218B71CD14D33A4200CCE2F7 /* JFSectionViewController.h */,
				218B71CE14D33A4200CCE2F7 /* JFSectionViewController.m */,
				218B71CA14D334A300CCE2F7 /* JFSectionView.h */,
				218B71CB14D334A400CCE2F7 /* JFSectionView.m */,
				218B71D514D7022A00CCE2F7 /* JFPagingViewController.h */,
				218B71D614D7022A00CCE2F7 /* JFPagingViewController.m */,
			);
			path = Classes;
			sourceTree = "<group>";
		};
		19C28FACFE9D520D11CA2CBB /* Products */ = {
			isa = PBXGroup;
			children = (
				1D6058910D05DD3D006BFB54 /* Reflections.app */,
			);
			name = Products;
			sourceTree = "<group>";
		};
		29B97314FDCFA39411CA2CEA /* CustomTemplate */ = {
			isa = PBXGroup;
			children = (
				080E96DDFE201D6D7F000001 /* Classes */,
				29B97315FDCFA39411CA2CEA /* Other Sources */,
				29B97317FDCFA39411CA2CEA /* Resources */,
				29B97323FDCFA39411CA2CEA /* Frameworks */,
				19C28FACFE9D520D11CA2CBB /* Products */,
				9CDD15A81420151D00A44879 /* QuartzCore.framework */,
			);
			name = CustomTemplate;
			sourceTree = "<group>";
		};
		29B97315FDCFA39411CA2CEA /* Other Sources */ = {
			isa = PBXGroup;
			children = (
				32CA4F630368D1EE00C91783 /* textbook_Prefix.pch */,
				29B97316FDCFA39411CA2CEA /* main.m */,
			);
			name = "Other Sources";
			sourceTree = "<group>";
		};
		29B97317FDCFA39411CA2CEA /* Resources */ = {
			isa = PBXGroup;
			children = (
				C457728E14D0837D000BE608 /* coord_plane-trans.png */,
				C457729014D0851D000BE608 /* tiles */,
				C4B0870C147C89E000804DE1 /* interactive.html */,
				CC1447FE12AEE30600F30C62 /* Icon-72.png */,
				CC1447FF12AEE30600F30C62 /* Icon-Small-50.png */,
				CC14480012AEE30600F30C62 /* Icon-Small.png */,
				C457728914D08365000BE608 /* llama.png */,
				CC14480112AEE30600F30C62 /* iTunesArtwork.png */,
				CC178F3F12A5DB2700A88ADD /* sounds */,
				CC3D7256129C3FC200A74B92 /* icons */,
				8D1107310486CEB800E47090 /* textbook-Info.plist */,
				CCA0BC76127F348A00A46D9C /* MainWindow.xib */,
			);
			name = Resources;
			sourceTree = "<group>";
		};
		29B97323FDCFA39411CA2CEA /* Frameworks */ = {
			isa = PBXGroup;
			children = (
				1DF5F4DF0D08C38300B7A737 /* UIKit.framework */,
				1D30AB110D05D00D00671497 /* Foundation.framework */,
				288765FC0DF74451002DB57D /* CoreGraphics.framework */,
				CC1D99491291F7F000BD261B /* AVFoundation.framework */,
				CC1D994D1291F7FA00BD261B /* AudioToolbox.framework */,
			);
			name = Frameworks;
			sourceTree = "<group>";
		};
		C457729014D0851D000BE608 /* tiles */ = {
			isa = PBXGroup;
			children = (
				218B70D714D3329700CCE2F7 /* page001.png */,
				218B70D814D3329700CCE2F7 /* page002.png */,
				218B70D914D3329700CCE2F7 /* page003.png */,
				218B71D814D71D5F00CCE2F7 /* page004.png */,
				218B71DA14D71D6B00CCE2F7 /* tile004-000.png */,
				218B71DB14D71D6B00CCE2F7 /* tile004-001.png */,
				218B71DC14D71D6B00CCE2F7 /* tile004-002.png */,
				218B71DD14D71D6B00CCE2F7 /* tile004-003.png */,
				218B71DE14D71D6B00CCE2F7 /* tile004-004.png */,
				218B71DF14D71D6B00CCE2F7 /* tile004-005.png */,
				218B71E014D71D6B00CCE2F7 /* tile004-006.png */,
				218B71E114D71D6B00CCE2F7 /* tile004-007.png */,
				218B71E214D71D6B00CCE2F7 /* tile004-008.png */,
				218B71E314D71D6B00CCE2F7 /* tile004-009.png */,
				218B71E414D71D6C00CCE2F7 /* tile004-010.png */,
				218B71E514D71D6C00CCE2F7 /* tile004-011.png */,
				218B70DA14D3329700CCE2F7 /* tile001-000.png */,
				218B70DB14D3329700CCE2F7 /* tile001-001.png */,
				218B70DC14D3329700CCE2F7 /* tile001-002.png */,
				218B70DD14D3329700CCE2F7 /* tile001-003.png */,
				218B70DE14D3329700CCE2F7 /* tile001-004.png */,
				218B70DF14D3329700CCE2F7 /* tile001-005.png */,
				218B70E014D3329700CCE2F7 /* tile001-006.png */,
				218B70E114D3329700CCE2F7 /* tile001-007.png */,
				218B70E214D3329700CCE2F7 /* tile001-008.png */,
				218B70E314D3329700CCE2F7 /* tile001-009.png */,
				218B70E414D3329700CCE2F7 /* tile001-010.png */,
				218B70E514D3329700CCE2F7 /* tile001-011.png */,
				218B70E614D3329700CCE2F7 /* tile001-012.png */,
				218B70E714D3329700CCE2F7 /* tile001-013.png */,
				218B70E814D3329700CCE2F7 /* tile001-014.png */,
				218B70E914D3329700CCE2F7 /* tile001-015.png */,
				218B70EA14D3329700CCE2F7 /* tile001-016.png */,
				218B70EB14D3329700CCE2F7 /* tile001-017.png */,
				218B70EC14D3329700CCE2F7 /* tile001-018.png */,
				218B70ED14D3329700CCE2F7 /* tile001-019.png */,
				218B70EE14D3329700CCE2F7 /* tile001-020.png */,
				218B70EF14D3329700CCE2F7 /* tile001-021.png */,
				218B70F014D3329700CCE2F7 /* tile001-022.png */,
				218B70F114D3329700CCE2F7 /* tile001-023.png */,
				218B70F214D3329700CCE2F7 /* tile001-024.png */,
				218B70F314D3329700CCE2F7 /* tile001-025.png */,
				218B70F414D3329700CCE2F7 /* tile001-026.png */,
				218B70F514D3329700CCE2F7 /* tile001-027.png */,
				218B70F614D3329700CCE2F7 /* tile001-028.png */,
				218B70F714D3329700CCE2F7 /* tile001-029.png */,
				218B70F814D3329700CCE2F7 /* tile001-030.png */,
				218B70F914D3329700CCE2F7 /* tile001-031.png */,
				218B70FA14D3329700CCE2F7 /* tile001-032.png */,
				218B70FB14D3329700CCE2F7 /* tile001-033.png */,
				218B70FC14D3329700CCE2F7 /* tile001-034.png */,
				218B70FD14D3329700CCE2F7 /* tile001-035.png */,
				218B70FE14D3329700CCE2F7 /* tile002-000.png */,
				218B70FF14D3329700CCE2F7 /* tile002-001.png */,
				218B710014D3329700CCE2F7 /* tile002-002.png */,
				218B710114D3329700CCE2F7 /* tile002-003.png */,
				218B710214D3329700CCE2F7 /* tile002-004.png */,
				218B710314D3329700CCE2F7 /* tile002-005.png */,
				218B710414D3329700CCE2F7 /* tile002-006.png */,
				218B710514D3329700CCE2F7 /* tile002-007.png */,
				218B710614D3329700CCE2F7 /* tile002-008.png */,
				218B710714D3329700CCE2F7 /* tile002-009.png */,
				218B710814D3329700CCE2F7 /* tile002-010.png */,
				218B710914D3329700CCE2F7 /* tile002-011.png */,
				218B710A14D3329700CCE2F7 /* tile002-012.png */,
				218B710B14D3329700CCE2F7 /* tile002-013.png */,
				218B710C14D3329700CCE2F7 /* tile002-014.png */,
				218B710D14D3329700CCE2F7 /* tile002-015.png */,
				218B710E14D3329700CCE2F7 /* tile002-016.png */,
				218B710F14D3329700CCE2F7 /* tile002-017.png */,
				218B711014D3329700CCE2F7 /* tile002-018.png */,
				218B711114D3329700CCE2F7 /* tile002-019.png */,
				218B711214D3329700CCE2F7 /* tile002-020.png */,
				218B711314D3329700CCE2F7 /* tile002-021.png */,
				218B711414D3329700CCE2F7 /* tile002-022.png */,
				218B711514D3329700CCE2F7 /* tile002-023.png */,
				218B711614D3329700CCE2F7 /* tile002-024.png */,
				218B711714D3329700CCE2F7 /* tile002-025.png */,
				218B711814D3329700CCE2F7 /* tile002-026.png */,
				218B711914D3329700CCE2F7 /* tile002-027.png */,
				218B711A14D3329700CCE2F7 /* tile002-028.png */,
				218B711B14D3329700CCE2F7 /* tile002-029.png */,
				218B711C14D3329700CCE2F7 /* tile002-030.png */,
				218B711D14D3329700CCE2F7 /* tile002-031.png */,
				218B711E14D3329700CCE2F7 /* tile002-032.png */,
				218B711F14D3329700CCE2F7 /* tile002-033.png */,
				218B712014D3329700CCE2F7 /* tile002-034.png */,
				218B712114D3329700CCE2F7 /* tile002-035.png */,
				218B712214D3329700CCE2F7 /* tile002-036.png */,
				218B712314D3329700CCE2F7 /* tile002-037.png */,
				218B712414D3329700CCE2F7 /* tile002-038.png */,
				218B712514D3329700CCE2F7 /* tile002-039.png */,
				218B712614D3329700CCE2F7 /* tile002-040.png */,
				218B712714D3329700CCE2F7 /* tile002-041.png */,
				218B712814D3329700CCE2F7 /* tile003-000.png */,
				218B712914D3329700CCE2F7 /* tile003-001.png */,
				218B712A14D3329700CCE2F7 /* tile003-002.png */,
				218B712B14D3329700CCE2F7 /* tile003-003.png */,
				218B712C14D3329700CCE2F7 /* tile003-004.png */,
				218B712D14D3329700CCE2F7 /* tile003-005.png */,
				218B712E14D3329700CCE2F7 /* tile003-006.png */,
				218B712F14D3329700CCE2F7 /* tile003-007.png */,
				218B713014D3329700CCE2F7 /* tile003-008.png */,
				218B713114D3329700CCE2F7 /* tile003-009.png */,
				218B713214D3329700CCE2F7 /* tile003-010.png */,
				218B713314D3329700CCE2F7 /* tile003-011.png */,
				218B713414D3329700CCE2F7 /* tile003-012.png */,
				218B713514D3329700CCE2F7 /* tile003-013.png */,
				218B713614D3329700CCE2F7 /* tile003-014.png */,
				218B713714D3329700CCE2F7 /* tile003-015.png */,
				218B713814D3329700CCE2F7 /* tile003-016.png */,
				218B713914D3329700CCE2F7 /* tile003-017.png */,
				218B713A14D3329700CCE2F7 /* tile003-018.png */,
				218B713B14D3329700CCE2F7 /* tile003-019.png */,
				218B713C14D3329700CCE2F7 /* tile003-020.png */,
				218B713D14D3329700CCE2F7 /* tile003-021.png */,
				218B713E14D3329700CCE2F7 /* tile003-022.png */,
				218B713F14D3329700CCE2F7 /* tile003-023.png */,
				218B714014D3329700CCE2F7 /* tile003-024.png */,
				218B714114D3329700CCE2F7 /* tile003-025.png */,
				218B714214D3329700CCE2F7 /* tile003-026.png */,
				218B714314D3329700CCE2F7 /* tile003-027.png */,
				218B714414D3329700CCE2F7 /* tile003-028.png */,
				218B714514D3329700CCE2F7 /* tile003-029.png */,
			);
			path = tiles;
			sourceTree = "<group>";
		};
		CC178F3F12A5DB2700A88ADD /* sounds */ = {
			isa = PBXGroup;
			children = (
			);
			path = sounds;
			sourceTree = "<group>";
		};
		CC17905E12A5E39800A88ADD /* standard */ = {
			isa = PBXGroup;
			children = (
				CC17906112A5E39800A88ADD /* arrowleft.png */,
				CC17906212A5E39800A88ADD /* arrowright.png */,
				CC17907A12A5E39800A88ADD /* house.png */,
			);
			path = standard;
			sourceTree = "<group>";
		};
		CC3D7256129C3FC200A74B92 /* icons */ = {
			isa = PBXGroup;
			children = (
				CC17905E12A5E39800A88ADD /* standard */,
				CC3D72C3129C3FC200A74B92 /* 19-gear.png */,
			);
			path = icons;
			sourceTree = "<group>";
		};
/* End PBXGroup section */

/* Begin PBXNativeTarget section */
		1D6058900D05DD3D006BFB54 /* textbook */ = {
			isa = PBXNativeTarget;
			buildConfigurationList = 1D6058960D05DD3E006BFB54 /* Build configuration list for PBXNativeTarget "textbook" */;
			buildPhases = (
				1D60588D0D05DD3D006BFB54 /* Resources */,
				C43CB19D12DD4AF5007CBF6B /* ShellScript */,
				1D60588E0D05DD3D006BFB54 /* Sources */,
				1D60588F0D05DD3D006BFB54 /* Frameworks */,
			);
			buildRules = (
			);
			dependencies = (
			);
			name = textbook;
			productName = textbook;
			productReference = 1D6058910D05DD3D006BFB54 /* Reflections.app */;
			productType = "com.apple.product-type.application";
		};
/* End PBXNativeTarget section */

/* Begin PBXProject section */
		29B97313FDCFA39411CA2CEA /* Project object */ = {
			isa = PBXProject;
			attributes = {
				LastUpgradeCheck = 0420;
			};
			buildConfigurationList = C01FCF4E08A954540054247B /* Build configuration list for PBXProject "textbook" */;
			compatibilityVersion = "Xcode 3.2";
			developmentRegion = English;
			hasScannedForEncodings = 1;
			knownRegions = (
				English,
				Japanese,
				French,
				German,
			);
			mainGroup = 29B97314FDCFA39411CA2CEA /* CustomTemplate */;
			projectDirPath = "";
			projectRoot = "";
			targets = (
				1D6058900D05DD3D006BFB54 /* textbook */,
			);
		};
/* End PBXProject section */

/* Begin PBXResourcesBuildPhase section */
		1D60588D0D05DD3D006BFB54 /* Resources */ = {
			isa = PBXResourcesBuildPhase;
			buildActionMask = 2147483647;
			files = (
				CCA0BC77127F348A00A46D9C /* MainWindow.xib in Resources */,
				CC3D738B129C3FC300A74B92 /* 19-gear.png in Resources */,
				CC1790A112A5E39800A88ADD /* arrowleft.png in Resources */,
				CC1790A212A5E39800A88ADD /* arrowright.png in Resources */,
				CC1790BA12A5E39800A88ADD /* house.png in Resources */,
				CC14480212AEE30600F30C62 /* Icon-72.png in Resources */,
				CC14480312AEE30600F30C62 /* Icon-Small-50.png in Resources */,
				CC14480412AEE30600F30C62 /* Icon-Small.png in Resources */,
				CC14480512AEE30600F30C62 /* iTunesArtwork.png in Resources */,
				C4B0870D147C89E000804DE1 /* interactive.html in Resources */,
				C457728A14D08365000BE608 /* llama.png in Resources */,
				C457728F14D0837D000BE608 /* coord_plane-trans.png in Resources */,
				218B714F14D3329700CCE2F7 /* page001.png in Resources */,
				218B715014D3329700CCE2F7 /* page002.png in Resources */,
				218B715114D3329700CCE2F7 /* page003.png in Resources */,
				218B715214D3329700CCE2F7 /* tile001-000.png in Resources */,
				218B715314D3329700CCE2F7 /* tile001-001.png in Resources */,
				218B715414D3329700CCE2F7 /* tile001-002.png in Resources */,
				218B715514D3329700CCE2F7 /* tile001-003.png in Resources */,
				218B715614D3329700CCE2F7 /* tile001-004.png in Resources */,
				218B715714D3329700CCE2F7 /* tile001-005.png in Resources */,
				218B715814D3329700CCE2F7 /* tile001-006.png in Resources */,
				218B715914D3329700CCE2F7 /* tile001-007.png in Resources */,
				218B715A14D3329700CCE2F7 /* tile001-008.png in Resources */,
				218B715B14D3329700CCE2F7 /* tile001-009.png in Resources */,
				218B715C14D3329700CCE2F7 /* tile001-010.png in Resources */,
				218B715D14D3329700CCE2F7 /* tile001-011.png in Resources */,
				218B715E14D3329700CCE2F7 /* tile001-012.png in Resources */,
				218B715F14D3329700CCE2F7 /* tile001-013.png in Resources */,
				218B716014D3329700CCE2F7 /* tile001-014.png in Resources */,
				218B716114D3329700CCE2F7 /* tile001-015.png in Resources */,
				218B716214D3329700CCE2F7 /* tile001-016.png in Resources */,
				218B716314D3329700CCE2F7 /* tile001-017.png in Resources */,
				218B716414D3329700CCE2F7 /* tile001-018.png in Resources */,
				218B716514D3329700CCE2F7 /* tile001-019.png in Resources */,
				218B716614D3329700CCE2F7 /* tile001-020.png in Resources */,
				218B716714D3329700CCE2F7 /* tile001-021.png in Resources */,
				218B716814D3329700CCE2F7 /* tile001-022.png in Resources */,
				218B716914D3329700CCE2F7 /* tile001-023.png in Resources */,
				218B716A14D3329700CCE2F7 /* tile001-024.png in Resources */,
				218B716B14D3329700CCE2F7 /* tile001-025.png in Resources */,
				218B716C14D3329700CCE2F7 /* tile001-026.png in Resources */,
				218B716D14D3329700CCE2F7 /* tile001-027.png in Resources */,
				218B716E14D3329700CCE2F7 /* tile001-028.png in Resources */,
				218B716F14D3329700CCE2F7 /* tile001-029.png in Resources */,
				218B717014D3329700CCE2F7 /* tile001-030.png in Resources */,
				218B717114D3329700CCE2F7 /* tile001-031.png in Resources */,
				218B717214D3329700CCE2F7 /* tile001-032.png in Resources */,
				218B717314D3329700CCE2F7 /* tile001-033.png in Resources */,
				218B717414D3329700CCE2F7 /* tile001-034.png in Resources */,
				218B717514D3329700CCE2F7 /* tile001-035.png in Resources */,
				218B717614D3329700CCE2F7 /* tile002-000.png in Resources */,
				218B717714D3329700CCE2F7 /* tile002-001.png in Resources */,
				218B717814D3329700CCE2F7 /* tile002-002.png in Resources */,
				218B717914D3329700CCE2F7 /* tile002-003.png in Resources */,
				218B717A14D3329700CCE2F7 /* tile002-004.png in Resources */,
				218B717B14D3329700CCE2F7 /* tile002-005.png in Resources */,
				218B717C14D3329700CCE2F7 /* tile002-006.png in Resources */,
				218B717D14D3329700CCE2F7 /* tile002-007.png in Resources */,
				218B717E14D3329700CCE2F7 /* tile002-008.png in Resources */,
				218B717F14D3329700CCE2F7 /* tile002-009.png in Resources */,
				218B718014D3329700CCE2F7 /* tile002-010.png in Resources */,
				218B718114D3329700CCE2F7 /* tile002-011.png in Resources */,
				218B718214D3329700CCE2F7 /* tile002-012.png in Resources */,
				218B718314D3329700CCE2F7 /* tile002-013.png in Resources */,
				218B718414D3329700CCE2F7 /* tile002-014.png in Resources */,
				218B718514D3329700CCE2F7 /* tile002-015.png in Resources */,
				218B718614D3329700CCE2F7 /* tile002-016.png in Resources */,
				218B718714D3329700CCE2F7 /* tile002-017.png in Resources */,
				218B718814D3329700CCE2F7 /* tile002-018.png in Resources */,
				218B718914D3329700CCE2F7 /* tile002-019.png in Resources */,
				218B718A14D3329700CCE2F7 /* tile002-020.png in Resources */,
				218B718B14D3329700CCE2F7 /* tile002-021.png in Resources */,
				218B718C14D3329700CCE2F7 /* tile002-022.png in Resources */,
				218B718D14D3329700CCE2F7 /* tile002-023.png in Resources */,
				218B718E14D3329700CCE2F7 /* tile002-024.png in Resources */,
				218B718F14D3329700CCE2F7 /* tile002-025.png in Resources */,
				218B719014D3329700CCE2F7 /* tile002-026.png in Resources */,
				218B719114D3329700CCE2F7 /* tile002-027.png in Resources */,
				218B719214D3329700CCE2F7 /* tile002-028.png in Resources */,
				218B719314D3329700CCE2F7 /* tile002-029.png in Resources */,
				218B719414D3329700CCE2F7 /* tile002-030.png in Resources */,
				218B719514D3329700CCE2F7 /* tile002-031.png in Resources */,
				218B719614D3329700CCE2F7 /* tile002-032.png in Resources */,
				218B719714D3329700CCE2F7 /* tile002-033.png in Resources */,
				218B719814D3329700CCE2F7 /* tile002-034.png in Resources */,
				218B719914D3329700CCE2F7 /* tile002-035.png in Resources */,
				218B719A14D3329700CCE2F7 /* tile002-036.png in Resources */,
				218B719B14D3329700CCE2F7 /* tile002-037.png in Resources */,
				218B719C14D3329700CCE2F7 /* tile002-038.png in Resources */,
				218B719D14D3329700CCE2F7 /* tile002-039.png in Resources */,
				218B719E14D3329700CCE2F7 /* tile002-040.png in Resources */,
				218B719F14D3329700CCE2F7 /* tile002-041.png in Resources */,
				218B71A014D3329700CCE2F7 /* tile003-000.png in Resources */,
				218B71A114D3329700CCE2F7 /* tile003-001.png in Resources */,
				218B71A214D3329700CCE2F7 /* tile003-002.png in Resources */,
				218B71A314D3329700CCE2F7 /* tile003-003.png in Resources */,
				218B71A414D3329700CCE2F7 /* tile003-004.png in Resources */,
				218B71A514D3329700CCE2F7 /* tile003-005.png in Resources */,
				218B71A614D3329700CCE2F7 /* tile003-006.png in Resources */,
				218B71A714D3329700CCE2F7 /* tile003-007.png in Resources */,
				218B71A814D3329700CCE2F7 /* tile003-008.png in Resources */,
				218B71A914D3329700CCE2F7 /* tile003-009.png in Resources */,
				218B71AA14D3329700CCE2F7 /* tile003-010.png in Resources */,
				218B71AB14D3329700CCE2F7 /* tile003-011.png in Resources */,
				218B71AC14D3329700CCE2F7 /* tile003-012.png in Resources */,
				218B71AD14D3329700CCE2F7 /* tile003-013.png in Resources */,
				218B71AE14D3329700CCE2F7 /* tile003-014.png in Resources */,
				218B71AF14D3329700CCE2F7 /* tile003-015.png in Resources */,
				218B71B014D3329700CCE2F7 /* tile003-016.png in Resources */,
				218B71B114D3329700CCE2F7 /* tile003-017.png in Resources */,
				218B71B214D3329700CCE2F7 /* tile003-018.png in Resources */,
				218B71B314D3329700CCE2F7 /* tile003-019.png in Resources */,
				218B71B414D3329700CCE2F7 /* tile003-020.png in Resources */,
				218B71B514D3329700CCE2F7 /* tile003-021.png in Resources */,
				218B71B614D3329700CCE2F7 /* tile003-022.png in Resources */,
				218B71B714D3329700CCE2F7 /* tile003-023.png in Resources */,
				218B71B814D3329700CCE2F7 /* tile003-024.png in Resources */,
				218B71B914D3329700CCE2F7 /* tile003-025.png in Resources */,
				218B71BA14D3329700CCE2F7 /* tile003-026.png in Resources */,
				218B71BB14D3329700CCE2F7 /* tile003-027.png in Resources */,
				218B71BC14D3329700CCE2F7 /* tile003-028.png in Resources */,
				218B71BD14D3329700CCE2F7 /* tile003-029.png in Resources */,
				218B71D914D71D5F00CCE2F7 /* page004.png in Resources */,
				218B71E614D71D6C00CCE2F7 /* tile004-000.png in Resources */,
				218B71E714D71D6C00CCE2F7 /* tile004-001.png in Resources */,
				218B71E814D71D6C00CCE2F7 /* tile004-002.png in Resources */,
				218B71E914D71D6C00CCE2F7 /* tile004-003.png in Resources */,
				218B71EA14D71D6C00CCE2F7 /* tile004-004.png in Resources */,
				218B71EB14D71D6C00CCE2F7 /* tile004-005.png in Resources */,
				218B71EC14D71D6C00CCE2F7 /* tile004-006.png in Resources */,
				218B71ED14D71D6C00CCE2F7 /* tile004-007.png in Resources */,
				218B71EE14D71D6C00CCE2F7 /* tile004-008.png in Resources */,
				218B71EF14D71D6C00CCE2F7 /* tile004-009.png in Resources */,
				218B71F014D71D6C00CCE2F7 /* tile004-010.png in Resources */,
				218B71F114D71D6C00CCE2F7 /* tile004-011.png in Resources */,
			);
			runOnlyForDeploymentPostprocessing = 0;
		};
/* End PBXResourcesBuildPhase section */

/* Begin PBXShellScriptBuildPhase section */
		C43CB19D12DD4AF5007CBF6B /* ShellScript */ = {
			isa = PBXShellScriptBuildPhase;
			buildActionMask = 2147483647;
			files = (
			);
			inputPaths = (
			);
			outputPaths = (
			);
			runOnlyForDeploymentPostprocessing = 0;
			shellPath = /bin/tcsh;
			shellScript = "touch -cm ${SRCROOT}/html";
		};
/* End PBXShellScriptBuildPhase section */

/* Begin PBXSourcesBuildPhase section */
		1D60588E0D05DD3D006BFB54 /* Sources */ = {
			isa = PBXSourcesBuildPhase;
			buildActionMask = 2147483647;
			files = (
				1D60589B0D05DD56006BFB54 /* main.m in Sources */,
				1D3623260D0F684500981E51 /* textbookAppDelegate.m in Sources */,
				3809343912FF3B3300EB0894 /* JFMainWindow.m in Sources */,
				380934A512FF441600EB0894 /* JFBookSpine.m in Sources */,
				380935C612FF9A4300EB0894 /* JFPopupView.m in Sources */,
				218B71CC14D334A400CCE2F7 /* JFSectionView.m in Sources */,
				218B71D014D33A4200CCE2F7 /* JFSectionViewController.m in Sources */,
				218B71D414D3449300CCE2F7 /* JFNavigatorViewController.m in Sources */,
				218B71D714D7022A00CCE2F7 /* JFPagingViewController.m in Sources */,
			);
			runOnlyForDeploymentPostprocessing = 0;
		};
/* End PBXSourcesBuildPhase section */

/* Begin XCBuildConfiguration section */
		1D6058940D05DD3E006BFB54 /* Debug */ = {
			isa = XCBuildConfiguration;
			buildSettings = {
				ALWAYS_SEARCH_USER_PATHS = NO;
				COPY_PHASE_STRIP = NO;
				GCC_DYNAMIC_NO_PIC = NO;
				GCC_OPTIMIZATION_LEVEL = 0;
				GCC_PRECOMPILE_PREFIX_HEADER = YES;
				GCC_PREFIX_HEADER = textbook_Prefix.pch;
				INFOPLIST_FILE = "textbook-Info.plist";
				PRODUCT_NAME = Reflections;
			};
			name = Debug;
		};
		1D6058950D05DD3E006BFB54 /* Release */ = {
			isa = XCBuildConfiguration;
			buildSettings = {
				ALWAYS_SEARCH_USER_PATHS = NO;
				COPY_PHASE_STRIP = YES;
				GCC_PRECOMPILE_PREFIX_HEADER = YES;
				GCC_PREFIX_HEADER = textbook_Prefix.pch;
				INFOPLIST_FILE = "textbook-Info.plist";
				PRODUCT_NAME = Reflections;
				VALIDATE_PRODUCT = YES;
			};
			name = Release;
		};
		C01FCF4F08A954540054247B /* Debug */ = {
			isa = XCBuildConfiguration;
			buildSettings = {
				ARCHS = "$(ARCHS_UNIVERSAL_IPHONE_OS)";
				"CODE_SIGN_IDENTITY[sdk=iphoneos*]" = "iPhone Developer";
				GCC_C_LANGUAGE_STANDARD = c99;
				GCC_WARN_ABOUT_RETURN_TYPE = YES;
				GCC_WARN_UNUSED_VARIABLE = YES;
				"PROVISIONING_PROFILE[sdk=iphoneos*]" = "";
				SDKROOT = iphoneos;
				TARGETED_DEVICE_FAMILY = 2;
			};
			name = Debug;
		};
		C01FCF5008A954540054247B /* Release */ = {
			isa = XCBuildConfiguration;
			buildSettings = {
				ARCHS = "$(ARCHS_UNIVERSAL_IPHONE_OS)";
				"CODE_SIGN_IDENTITY[sdk=iphonesimulator4.3]" = "iPhone Developer";
				GCC_C_LANGUAGE_STANDARD = c99;
				GCC_WARN_ABOUT_RETURN_TYPE = YES;
				GCC_WARN_UNUSED_VARIABLE = YES;
				OTHER_CFLAGS = "-DNS_BLOCK_ASSERTIONS=1";
				"PROVISIONING_PROFILE[sdk=iphonesimulator4.3]" = "";
				SDKROOT = iphoneos;
				TARGETED_DEVICE_FAMILY = 2;
			};
			name = Release;
		};
/* End XCBuildConfiguration section */

/* Begin XCConfigurationList section */
		1D6058960D05DD3E006BFB54 /* Build configuration list for PBXNativeTarget "textbook" */ = {
			isa = XCConfigurationList;
			buildConfigurations = (
				1D6058940D05DD3E006BFB54 /* Debug */,
				1D6058950D05DD3E006BFB54 /* Release */,
			);
			defaultConfigurationIsVisible = 0;
			defaultConfigurationName = Release;
		};
		C01FCF4E08A954540054247B /* Build configuration list for PBXProject "textbook" */ = {
			isa = XCConfigurationList;
			buildConfigurations = (
				C01FCF4F08A954540054247B /* Debug */,
				C01FCF5008A954540054247B /* Release */,
			);
			defaultConfigurationIsVisible = 0;
			defaultConfigurationName = Release;
		};
/* End XCConfigurationList section */
	};
	rootObject = 29B97313FDCFA39411CA2CEA /* Project object */;
}
